// !$*UTF8*$!
{
	archiveVersion = 1;
	classes = {
	};
	objectVersion = 50;
	objects = {

/* Begin PBXBuildFile section */
		5367705E2380880100D1F389 /* BillHeader.swift in Sources */ = {isa = PBXBuildFile; fileRef = 5367705D2380880100D1F389 /* BillHeader.swift */; };
		53677060238088F900D1F389 /* DateExtension.swift in Sources */ = {isa = PBXBuildFile; fileRef = 5367705F238088F900D1F389 /* DateExtension.swift */; };
		5367706223808AC700D1F389 /* UIViewLayoutExtension.swift in Sources */ = {isa = PBXBuildFile; fileRef = 5367706123808AC700D1F389 /* UIViewLayoutExtension.swift */; };
		5367706423818FCA00D1F389 /* BillApiDataSource.swift in Sources */ = {isa = PBXBuildFile; fileRef = 5367706323818FCA00D1F389 /* BillApiDataSource.swift */; };
		536770672381904400D1F389 /* BaseCallback.swift in Sources */ = {isa = PBXBuildFile; fileRef = 536770662381904400D1F389 /* BaseCallback.swift */; };
		536770692381905300D1F389 /* CallbackEnum.swift in Sources */ = {isa = PBXBuildFile; fileRef = 536770682381905300D1F389 /* CallbackEnum.swift */; };
		5367706B238194AA00D1F389 /* StringExtension.swift in Sources */ = {isa = PBXBuildFile; fileRef = 5367706A238194AA00D1F389 /* StringExtension.swift */; };
		53B0DC21236F5A9800A4A58F /* AppDelegate.swift in Sources */ = {isa = PBXBuildFile; fileRef = 53B0DC20236F5A9800A4A58F /* AppDelegate.swift */; };
		53B0DC23236F5A9800A4A58F /* SceneDelegate.swift in Sources */ = {isa = PBXBuildFile; fileRef = 53B0DC22236F5A9800A4A58F /* SceneDelegate.swift */; };
		53B0DC2A236F5A9A00A4A58F /* Assets.xcassets in Resources */ = {isa = PBXBuildFile; fileRef = 53B0DC29236F5A9A00A4A58F /* Assets.xcassets */; };
		53B0DC2D236F5A9A00A4A58F /* LaunchScreen.storyboard in Resources */ = {isa = PBXBuildFile; fileRef = 53B0DC2B236F5A9A00A4A58F /* LaunchScreen.storyboard */; };
		53B0DC38236F5A9A00A4A58F /* financial_controlTests.swift in Sources */ = {isa = PBXBuildFile; fileRef = 53B0DC37236F5A9A00A4A58F /* financial_controlTests.swift */; };
		53B0DC55236F5B2700A4A58F /* Bill.swift in Sources */ = {isa = PBXBuildFile; fileRef = 53B0DC54236F5B2700A4A58F /* Bill.swift */; };
		53B0DC57236F5BA900A4A58F /* BillCell.swift in Sources */ = {isa = PBXBuildFile; fileRef = 53B0DC56236F5BA900A4A58F /* BillCell.swift */; };
		53B0DC59236F5E9900A4A58F /* BillController.swift in Sources */ = {isa = PBXBuildFile; fileRef = 53B0DC58236F5E9900A4A58F /* BillController.swift */; };
		53B0DC5C236F626A00A4A58F /* UIViewExtension.swift in Sources */ = {isa = PBXBuildFile; fileRef = 53B0DC5B236F626A00A4A58F /* UIViewExtension.swift */; };
		53B0DC5F236F6B2700A4A58F /* BillViewModel.swift in Sources */ = {isa = PBXBuildFile; fileRef = 53B0DC5E236F6B2700A4A58F /* BillViewModel.swift */; };
/* End PBXBuildFile section */

/* Begin PBXContainerItemProxy section */
		53B0DC34236F5A9A00A4A58F /* PBXContainerItemProxy */ = {
			isa = PBXContainerItemProxy;
			containerPortal = 53B0DC15236F5A9800A4A58F /* Project object */;
			proxyType = 1;
			remoteGlobalIDString = 53B0DC1C236F5A9800A4A58F;
			remoteInfo = "financial-control";
		};
/* End PBXContainerItemProxy section */

/* Begin PBXFileReference section */
		5367705D2380880100D1F389 /* BillHeader.swift */ = {isa = PBXFileReference; lastKnownFileType = sourcecode.swift; path = BillHeader.swift; sourceTree = "<group>"; };
		5367705F238088F900D1F389 /* DateExtension.swift */ = {isa = PBXFileReference; lastKnownFileType = sourcecode.swift; path = DateExtension.swift; sourceTree = "<group>"; };
		5367706123808AC700D1F389 /* UIViewLayoutExtension.swift */ = {isa = PBXFileReference; lastKnownFileType = sourcecode.swift; path = UIViewLayoutExtension.swift; sourceTree = "<group>"; };
		5367706323818FCA00D1F389 /* BillApiDataSource.swift */ = {isa = PBXFileReference; lastKnownFileType = sourcecode.swift; path = BillApiDataSource.swift; sourceTree = "<group>"; };
		536770662381904400D1F389 /* BaseCallback.swift */ = {isa = PBXFileReference; lastKnownFileType = sourcecode.swift; path = BaseCallback.swift; sourceTree = "<group>"; };
		536770682381905300D1F389 /* CallbackEnum.swift */ = {isa = PBXFileReference; lastKnownFileType = sourcecode.swift; path = CallbackEnum.swift; sourceTree = "<group>"; };
		5367706A238194AA00D1F389 /* StringExtension.swift */ = {isa = PBXFileReference; lastKnownFileType = sourcecode.swift; path = StringExtension.swift; sourceTree = "<group>"; };
		53B0DC1D236F5A9800A4A58F /* financial-control.app */ = {isa = PBXFileReference; explicitFileType = wrapper.application; includeInIndex = 0; path = "financial-control.app"; sourceTree = BUILT_PRODUCTS_DIR; };
		53B0DC20236F5A9800A4A58F /* AppDelegate.swift */ = {isa = PBXFileReference; lastKnownFileType = sourcecode.swift; path = AppDelegate.swift; sourceTree = "<group>"; };
		53B0DC22236F5A9800A4A58F /* SceneDelegate.swift */ = {isa = PBXFileReference; lastKnownFileType = sourcecode.swift; path = SceneDelegate.swift; sourceTree = "<group>"; };
		53B0DC29236F5A9A00A4A58F /* Assets.xcassets */ = {isa = PBXFileReference; lastKnownFileType = folder.assetcatalog; path = Assets.xcassets; sourceTree = "<group>"; };
		53B0DC2C236F5A9A00A4A58F /* Base */ = {isa = PBXFileReference; lastKnownFileType = file.storyboard; name = Base; path = Base.lproj/LaunchScreen.storyboard; sourceTree = "<group>"; };
		53B0DC2E236F5A9A00A4A58F /* Info.plist */ = {isa = PBXFileReference; lastKnownFileType = text.plist.xml; path = Info.plist; sourceTree = "<group>"; };
		53B0DC33236F5A9A00A4A58F /* financial-controlTests.xctest */ = {isa = PBXFileReference; explicitFileType = wrapper.cfbundle; includeInIndex = 0; path = "financial-controlTests.xctest"; sourceTree = BUILT_PRODUCTS_DIR; };
		53B0DC37236F5A9A00A4A58F /* financial_controlTests.swift */ = {isa = PBXFileReference; lastKnownFileType = sourcecode.swift; path = financial_controlTests.swift; sourceTree = "<group>"; };
		53B0DC39236F5A9A00A4A58F /* Info.plist */ = {isa = PBXFileReference; lastKnownFileType = text.plist.xml; path = Info.plist; sourceTree = "<group>"; };
		53B0DC54236F5B2700A4A58F /* Bill.swift */ = {isa = PBXFileReference; lastKnownFileType = sourcecode.swift; path = Bill.swift; sourceTree = "<group>"; };
		53B0DC56236F5BA900A4A58F /* BillCell.swift */ = {isa = PBXFileReference; lastKnownFileType = sourcecode.swift; path = BillCell.swift; sourceTree = "<group>"; };
		53B0DC58236F5E9900A4A58F /* BillController.swift */ = {isa = PBXFileReference; lastKnownFileType = sourcecode.swift; path = BillController.swift; sourceTree = "<group>"; };
		53B0DC5B236F626A00A4A58F /* UIViewExtension.swift */ = {isa = PBXFileReference; lastKnownFileType = sourcecode.swift; path = UIViewExtension.swift; sourceTree = "<group>"; };
		53B0DC5E236F6B2700A4A58F /* BillViewModel.swift */ = {isa = PBXFileReference; lastKnownFileType = sourcecode.swift; path = BillViewModel.swift; sourceTree = "<group>"; };
/* End PBXFileReference section */

/* Begin PBXFrameworksBuildPhase section */
		53B0DC1A236F5A9800A4A58F /* Frameworks */ = {
			isa = PBXFrameworksBuildPhase;
			buildActionMask = 2147483647;
			files = (
			);
			runOnlyForDeploymentPostprocessing = 0;
		};
		53B0DC30236F5A9A00A4A58F /* Frameworks */ = {
			isa = PBXFrameworksBuildPhase;
			buildActionMask = 2147483647;
			files = (
			);
			runOnlyForDeploymentPostprocessing = 0;
		};
/* End PBXFrameworksBuildPhase section */

/* Begin PBXGroup section */
		536770652381903600D1F389 /* Utils */ = {
			isa = PBXGroup;
			children = (
				536770662381904400D1F389 /* BaseCallback.swift */,
				536770682381905300D1F389 /* CallbackEnum.swift */,
			);
			path = Utils;
			sourceTree = "<group>";
		};
		53B0DC14236F5A9800A4A58F = {
			isa = PBXGroup;
			children = (
				53B0DC1F236F5A9800A4A58F /* financial-control */,
				53B0DC36236F5A9A00A4A58F /* financial-controlTests */,
				53B0DC1E236F5A9800A4A58F /* Products */,
			);
			sourceTree = "<group>";
		};
		53B0DC1E236F5A9800A4A58F /* Products */ = {
			isa = PBXGroup;
			children = (
				53B0DC1D236F5A9800A4A58F /* financial-control.app */,
				53B0DC33236F5A9A00A4A58F /* financial-controlTests.xctest */,
			);
			name = Products;
			sourceTree = "<group>";
		};
		53B0DC1F236F5A9800A4A58F /* financial-control */ = {
			isa = PBXGroup;
			children = (
				53B0DC5D236F6B0200A4A58F /* ViewModel */,
				53B0DC5A236F625B00A4A58F /* Utils */,
				53B0DC50236F5AED00A4A58F /* Model */,
				53B0DC51236F5AFE00A4A58F /* View */,
				53B0DC52236F5B0500A4A58F /* Controller */,
				53B0DC53236F5B0D00A4A58F /* Service */,
				53B0DC20236F5A9800A4A58F /* AppDelegate.swift */,
				53B0DC22236F5A9800A4A58F /* SceneDelegate.swift */,
				53B0DC29236F5A9A00A4A58F /* Assets.xcassets */,
				53B0DC2B236F5A9A00A4A58F /* LaunchScreen.storyboard */,
				53B0DC2E236F5A9A00A4A58F /* Info.plist */,
			);
			path = "financial-control";
			sourceTree = "<group>";
		};
		53B0DC36236F5A9A00A4A58F /* financial-controlTests */ = {
			isa = PBXGroup;
			children = (
				53B0DC37236F5A9A00A4A58F /* financial_controlTests.swift */,
				53B0DC39236F5A9A00A4A58F /* Info.plist */,
			);
			path = "financial-controlTests";
			sourceTree = "<group>";
		};
		53B0DC50236F5AED00A4A58F /* Model */ = {
			isa = PBXGroup;
			children = (
				53B0DC54236F5B2700A4A58F /* Bill.swift */,
			);
			path = Model;
			sourceTree = "<group>";
		};
		53B0DC51236F5AFE00A4A58F /* View */ = {
			isa = PBXGroup;
			children = (
				53B0DC56236F5BA900A4A58F /* BillCell.swift */,
				5367705D2380880100D1F389 /* BillHeader.swift */,
			);
			path = View;
			sourceTree = "<group>";
		};
		53B0DC52236F5B0500A4A58F /* Controller */ = {
			isa = PBXGroup;
			children = (
				53B0DC58236F5E9900A4A58F /* BillController.swift */,
			);
			path = Controller;
			sourceTree = "<group>";
		};
		53B0DC53236F5B0D00A4A58F /* Service */ = {
			isa = PBXGroup;
			children = (
				536770652381903600D1F389 /* Utils */,
				5367706323818FCA00D1F389 /* BillApiDataSource.swift */,
			);
			path = Service;
			sourceTree = "<group>";
		};
		53B0DC5A236F625B00A4A58F /* Utils */ = {
			isa = PBXGroup;
			children = (
				53B0DC5B236F626A00A4A58F /* UIViewExtension.swift */,
				5367705F238088F900D1F389 /* DateExtension.swift */,
				5367706123808AC700D1F389 /* UIViewLayoutExtension.swift */,
				5367706A238194AA00D1F389 /* StringExtension.swift */,
			);
			path = Utils;
			sourceTree = "<group>";
		};
		53B0DC5D236F6B0200A4A58F /* ViewModel */ = {
			isa = PBXGroup;
			children = (
				53B0DC5E236F6B2700A4A58F /* BillViewModel.swift */,
			);
			path = ViewModel;
			sourceTree = "<group>";
		};
/* End PBXGroup section */

/* Begin PBXNativeTarget section */
		53B0DC1C236F5A9800A4A58F /* financial-control */ = {
			isa = PBXNativeTarget;
			buildConfigurationList = 53B0DC47236F5A9A00A4A58F /* Build configuration list for PBXNativeTarget "financial-control" */;
			buildPhases = (
				53B0DC19236F5A9800A4A58F /* Sources */,
				53B0DC1A236F5A9800A4A58F /* Frameworks */,
				53B0DC1B236F5A9800A4A58F /* Resources */,
			);
			buildRules = (
			);
			dependencies = (
			);
			name = "financial-control";
			productName = "financial-control";
			productReference = 53B0DC1D236F5A9800A4A58F /* financial-control.app */;
			productType = "com.apple.product-type.application";
		};
		53B0DC32236F5A9A00A4A58F /* financial-controlTests */ = {
			isa = PBXNativeTarget;
			buildConfigurationList = 53B0DC4A236F5A9A00A4A58F /* Build configuration list for PBXNativeTarget "financial-controlTests" */;
			buildPhases = (
				53B0DC2F236F5A9A00A4A58F /* Sources */,
				53B0DC30236F5A9A00A4A58F /* Frameworks */,
				53B0DC31236F5A9A00A4A58F /* Resources */,
			);
			buildRules = (
			);
			dependencies = (
				53B0DC35236F5A9A00A4A58F /* PBXTargetDependency */,
			);
			name = "financial-controlTests";
			productName = "financial-controlTests";
			productReference = 53B0DC33236F5A9A00A4A58F /* financial-controlTests.xctest */;
			productType = "com.apple.product-type.bundle.unit-test";
		};
/* End PBXNativeTarget section */

/* Begin PBXProject section */
		53B0DC15236F5A9800A4A58F /* Project object */ = {
			isa = PBXProject;
			attributes = {
				LastSwiftUpdateCheck = 1120;
				LastUpgradeCheck = 1120;
				ORGANIZATIONNAME = "Livia Vasconcelos";
				TargetAttributes = {
					53B0DC1C236F5A9800A4A58F = {
						CreatedOnToolsVersion = 11.2;
					};
					53B0DC32236F5A9A00A4A58F = {
						CreatedOnToolsVersion = 11.2;
						TestTargetID = 53B0DC1C236F5A9800A4A58F;
					};
				};
			};
			buildConfigurationList = 53B0DC18236F5A9800A4A58F /* Build configuration list for PBXProject "financial-control" */;
			compatibilityVersion = "Xcode 9.3";
			developmentRegion = en;
			hasScannedForEncodings = 0;
			knownRegions = (
				en,
				Base,
			);
			mainGroup = 53B0DC14236F5A9800A4A58F;
			productRefGroup = 53B0DC1E236F5A9800A4A58F /* Products */;
			projectDirPath = "";
			projectRoot = "";
			targets = (
				53B0DC1C236F5A9800A4A58F /* financial-control */,
				53B0DC32236F5A9A00A4A58F /* financial-controlTests */,
			);
		};
/* End PBXProject section */

/* Begin PBXResourcesBuildPhase section */
		53B0DC1B236F5A9800A4A58F /* Resources */ = {
			isa = PBXResourcesBuildPhase;
			buildActionMask = 2147483647;
			files = (
				53B0DC2D236F5A9A00A4A58F /* LaunchScreen.storyboard in Resources */,
				53B0DC2A236F5A9A00A4A58F /* Assets.xcassets in Resources */,
			);
			runOnlyForDeploymentPostprocessing = 0;
		};
		53B0DC31236F5A9A00A4A58F /* Resources */ = {
			isa = PBXResourcesBuildPhase;
			buildActionMask = 2147483647;
			files = (
			);
			runOnlyForDeploymentPostprocessing = 0;
		};
/* End PBXResourcesBuildPhase section */

/* Begin PBXSourcesBuildPhase section */
		53B0DC19236F5A9800A4A58F /* Sources */ = {
			isa = PBXSourcesBuildPhase;
			buildActionMask = 2147483647;
			files = (
				53B0DC5C236F626A00A4A58F /* UIViewExtension.swift in Sources */,
				53B0DC55236F5B2700A4A58F /* Bill.swift in Sources */,
				53B0DC57236F5BA900A4A58F /* BillCell.swift in Sources */,
				53B0DC59236F5E9900A4A58F /* BillController.swift in Sources */,
				5367706423818FCA00D1F389 /* BillApiDataSource.swift in Sources */,
				536770672381904400D1F389 /* BaseCallback.swift in Sources */,
				5367706223808AC700D1F389 /* UIViewLayoutExtension.swift in Sources */,
				53677060238088F900D1F389 /* DateExtension.swift in Sources */,
				5367706B238194AA00D1F389 /* StringExtension.swift in Sources */,
				53B0DC21236F5A9800A4A58F /* AppDelegate.swift in Sources */,
				53B0DC5F236F6B2700A4A58F /* BillViewModel.swift in Sources */,
				53B0DC23236F5A9800A4A58F /* SceneDelegate.swift in Sources */,
				536770692381905300D1F389 /* CallbackEnum.swift in Sources */,
				5367705E2380880100D1F389 /* BillHeader.swift in Sources */,
			);
			runOnlyForDeploymentPostprocessing = 0;
		};
		53B0DC2F236F5A9A00A4A58F /* Sources */ = {
			isa = PBXSourcesBuildPhase;
			buildActionMask = 2147483647;
			files = (
				53B0DC38236F5A9A00A4A58F /* financial_controlTests.swift in Sources */,
			);
			runOnlyForDeploymentPostprocessing = 0;
		};
/* End PBXSourcesBuildPhase section */

/* Begin PBXTargetDependency section */
		53B0DC35236F5A9A00A4A58F /* PBXTargetDependency */ = {
			isa = PBXTargetDependency;
			target = 53B0DC1C236F5A9800A4A58F /* financial-control */;
			targetProxy = 53B0DC34236F5A9A00A4A58F /* PBXContainerItemProxy */;
		};
/* End PBXTargetDependency section */

/* Begin PBXVariantGroup section */
		53B0DC2B236F5A9A00A4A58F /* LaunchScreen.storyboard */ = {
			isa = PBXVariantGroup;
			children = (
				53B0DC2C236F5A9A00A4A58F /* Base */,
			);
			name = LaunchScreen.storyboard;
			sourceTree = "<group>";
		};
/* End PBXVariantGroup section */

/* Begin XCBuildConfiguration section */
		53B0DC45236F5A9A00A4A58F /* Debug */ = {
			isa = XCBuildConfiguration;
			buildSettings = {
				ALWAYS_SEARCH_USER_PATHS = NO;
				CLANG_ANALYZER_NONNULL = YES;
				CLANG_ANALYZER_NUMBER_OBJECT_CONVERSION = YES_AGGRESSIVE;
				CLANG_CXX_LANGUAGE_STANDARD = "gnu++14";
				CLANG_CXX_LIBRARY = "libc++";
				CLANG_ENABLE_MODULES = YES;
				CLANG_ENABLE_OBJC_ARC = YES;
				CLANG_ENABLE_OBJC_WEAK = YES;
				CLANG_WARN_BLOCK_CAPTURE_AUTORELEASING = YES;
				CLANG_WARN_BOOL_CONVERSION = YES;
				CLANG_WARN_COMMA = YES;
				CLANG_WARN_CONSTANT_CONVERSION = YES;
				CLANG_WARN_DEPRECATED_OBJC_IMPLEMENTATIONS = YES;
				CLANG_WARN_DIRECT_OBJC_ISA_USAGE = YES_ERROR;
				CLANG_WARN_DOCUMENTATION_COMMENTS = YES;
				CLANG_WARN_EMPTY_BODY = YES;
				CLANG_WARN_ENUM_CONVERSION = YES;
				CLANG_WARN_INFINITE_RECURSION = YES;
				CLANG_WARN_INT_CONVERSION = YES;
				CLANG_WARN_NON_LITERAL_NULL_CONVERSION = YES;
				CLANG_WARN_OBJC_IMPLICIT_RETAIN_SELF = YES;
				CLANG_WARN_OBJC_LITERAL_CONVERSION = YES;
				CLANG_WARN_OBJC_ROOT_CLASS = YES_ERROR;
				CLANG_WARN_RANGE_LOOP_ANALYSIS = YES;
				CLANG_WARN_STRICT_PROTOTYPES = YES;
				CLANG_WARN_SUSPICIOUS_MOVE = YES;
				CLANG_WARN_UNGUARDED_AVAILABILITY = YES_AGGRESSIVE;
				CLANG_WARN_UNREACHABLE_CODE = YES;
				CLANG_WARN__DUPLICATE_METHOD_MATCH = YES;
				COPY_PHASE_STRIP = NO;
				DEBUG_INFORMATION_FORMAT = dwarf;
				ENABLE_STRICT_OBJC_MSGSEND = YES;
				ENABLE_TESTABILITY = YES;
				GCC_C_LANGUAGE_STANDARD = gnu11;
				GCC_DYNAMIC_NO_PIC = NO;
				GCC_NO_COMMON_BLOCKS = YES;
				GCC_OPTIMIZATION_LEVEL = 0;
				GCC_PREPROCESSOR_DEFINITIONS = (
					"DEBUG=1",
					"$(inherited)",
				);
				GCC_WARN_64_TO_32_BIT_CONVERSION = YES;
				GCC_WARN_ABOUT_RETURN_TYPE = YES_ERROR;
				GCC_WARN_UNDECLARED_SELECTOR = YES;
				GCC_WARN_UNINITIALIZED_AUTOS = YES_AGGRESSIVE;
				GCC_WARN_UNUSED_FUNCTION = YES;
				GCC_WARN_UNUSED_VARIABLE = YES;
				IPHONEOS_DEPLOYMENT_TARGET = 13.2;
				MTL_ENABLE_DEBUG_INFO = INCLUDE_SOURCE;
				MTL_FAST_MATH = YES;
				ONLY_ACTIVE_ARCH = YES;
				SDKROOT = iphoneos;
				SWIFT_ACTIVE_COMPILATION_CONDITIONS = DEBUG;
				SWIFT_OPTIMIZATION_LEVEL = "-Onone";
			};
			name = Debug;
		};
		53B0DC46236F5A9A00A4A58F /* Release */ = {
			isa = XCBuildConfiguration;
			buildSettings = {
				ALWAYS_SEARCH_USER_PATHS = NO;
				CLANG_ANALYZER_NONNULL = YES;
				CLANG_ANALYZER_NUMBER_OBJECT_CONVERSION = YES_AGGRESSIVE;
				CLANG_CXX_LANGUAGE_STANDARD = "gnu++14";
				CLANG_CXX_LIBRARY = "libc++";
				CLANG_ENABLE_MODULES = YES;
				CLANG_ENABLE_OBJC_ARC = YES;
				CLANG_ENABLE_OBJC_WEAK = YES;
				CLANG_WARN_BLOCK_CAPTURE_AUTORELEASING = YES;
				CLANG_WARN_BOOL_CONVERSION = YES;
				CLANG_WARN_COMMA = YES;
				CLANG_WARN_CONSTANT_CONVERSION = YES;
				CLANG_WARN_DEPRECATED_OBJC_IMPLEMENTATIONS = YES;
				CLANG_WARN_DIRECT_OBJC_ISA_USAGE = YES_ERROR;
				CLANG_WARN_DOCUMENTATION_COMMENTS = YES;
				CLANG_WARN_EMPTY_BODY = YES;
				CLANG_WARN_ENUM_CONVERSION = YES;
				CLANG_WARN_INFINITE_RECURSION = YES;
				CLANG_WARN_INT_CONVERSION = YES;
				CLANG_WARN_NON_LITERAL_NULL_CONVERSION = YES;
				CLANG_WARN_OBJC_IMPLICIT_RETAIN_SELF = YES;
				CLANG_WARN_OBJC_LITERAL_CONVERSION = YES;
				CLANG_WARN_OBJC_ROOT_CLASS = YES_ERROR;
				CLANG_WARN_RANGE_LOOP_ANALYSIS = YES;
				CLANG_WARN_STRICT_PROTOTYPES = YES;
				CLANG_WARN_SUSPICIOUS_MOVE = YES;
				CLANG_WARN_UNGUARDED_AVAILABILITY = YES_AGGRESSIVE;
				CLANG_WARN_UNREACHABLE_CODE = YES;
				CLANG_WARN__DUPLICATE_METHOD_MATCH = YES;
				COPY_PHASE_STRIP = NO;
				DEBUG_INFORMATION_FORMAT = "dwarf-with-dsym";
				ENABLE_NS_ASSERTIONS = NO;
				ENABLE_STRICT_OBJC_MSGSEND = YES;
				GCC_C_LANGUAGE_STANDARD = gnu11;
				GCC_NO_COMMON_BLOCKS = YES;
				GCC_WARN_64_TO_32_BIT_CONVERSION = YES;
				GCC_WARN_ABOUT_RETURN_TYPE = YES_ERROR;
				GCC_WARN_UNDECLARED_SELECTOR = YES;
				GCC_WARN_UNINITIALIZED_AUTOS = YES_AGGRESSIVE;
				GCC_WARN_UNUSED_FUNCTION = YES;
				GCC_WARN_UNUSED_VARIABLE = YES;
				IPHONEOS_DEPLOYMENT_TARGET = 13.2;
				MTL_ENABLE_DEBUG_INFO = NO;
				MTL_FAST_MATH = YES;
				SDKROOT = iphoneos;
				SWIFT_COMPILATION_MODE = wholemodule;
				SWIFT_OPTIMIZATION_LEVEL = "-O";
				VALIDATE_PRODUCT = YES;
			};
			name = Release;
		};
		53B0DC48236F5A9A00A4A58F /* Debug */ = {
			isa = XCBuildConfiguration;
			buildSettings = {
				ASSETCATALOG_COMPILER_APPICON_NAME = AppIcon;
				CODE_SIGN_STYLE = Automatic;
				DEVELOPMENT_TEAM = L9CMSL6QFV;
				INFOPLIST_FILE = "financial-control/Info.plist";
				LD_RUNPATH_SEARCH_PATHS = (
					"$(inherited)",
					"@executable_path/Frameworks",
				);
				PRODUCT_BUNDLE_IDENTIFIER = "com.liuvasconcelos.financial-control";
				PRODUCT_NAME = "$(TARGET_NAME)";
				SWIFT_VERSION = 5.0;
				TARGETED_DEVICE_FAMILY = "1,2";
			};
			name = Debug;
		};
		53B0DC49236F5A9A00A4A58F /* Release */ = {
			isa = XCBuildConfiguration;
			buildSettings = {
				ASSETCATALOG_COMPILER_APPICON_NAME = AppIcon;
				CODE_SIGN_STYLE = Automatic;
				DEVELOPMENT_TEAM = L9CMSL6QFV;
				INFOPLIST_FILE = "financial-control/Info.plist";
				LD_RUNPATH_SEARCH_PATHS = (
					"$(inherited)",
					"@executable_path/Frameworks",
				);
				PRODUCT_BUNDLE_IDENTIFIER = "com.liuvasconcelos.financial-control";
				PRODUCT_NAME = "$(TARGET_NAME)";
				SWIFT_VERSION = 5.0;
				TARGETED_DEVICE_FAMILY = "1,2";
			};
			name = Release;
		};
		53B0DC4B236F5A9A00A4A58F /* Debug */ = {
			isa = XCBuildConfiguration;
			buildSettings = {
				ALWAYS_EMBED_SWIFT_STANDARD_LIBRARIES = YES;
				BUNDLE_LOADER = "$(TEST_HOST)";
				CODE_SIGN_STYLE = Automatic;
				DEVELOPMENT_TEAM = L9CMSL6QFV;
				INFOPLIST_FILE = "financial-controlTests/Info.plist";
				IPHONEOS_DEPLOYMENT_TARGET = 13.2;
				LD_RUNPATH_SEARCH_PATHS = (
					"$(inherited)",
					"@executable_path/Frameworks",
					"@loader_path/Frameworks",
				);
				PRODUCT_BUNDLE_IDENTIFIER = "com.liuvasconcelos.financial-controlTests";
				PRODUCT_NAME = "$(TARGET_NAME)";
				SWIFT_VERSION = 5.0;
				TARGETED_DEVICE_FAMILY = "1,2";
				TEST_HOST = "$(BUILT_PRODUCTS_DIR)/financial-control.app/financial-control";
			};
			name = Debug;
		};
		53B0DC4C236F5A9A00A4A58F /* Release */ = {
			isa = XCBuildConfiguration;
			buildSettings = {
				ALWAYS_EMBED_SWIFT_STANDARD_LIBRARIES = YES;
				BUNDLE_LOADER = "$(TEST_HOST)";
				CODE_SIGN_STYLE = Automatic;
				DEVELOPMENT_TEAM = L9CMSL6QFV;
				INFOPLIST_FILE = "financial-controlTests/Info.plist";
				IPHONEOS_DEPLOYMENT_TARGET = 13.2;
				LD_RUNPATH_SEARCH_PATHS = (
					"$(inherited)",
					"@executable_path/Frameworks",
					"@loader_path/Frameworks",
				);
				PRODUCT_BUNDLE_IDENTIFIER = "com.liuvasconcelos.financial-controlTests";
				PRODUCT_NAME = "$(TARGET_NAME)";
				SWIFT_VERSION = 5.0;
				TARGETED_DEVICE_FAMILY = "1,2";
				TEST_HOST = "$(BUILT_PRODUCTS_DIR)/financial-control.app/financial-control";
			};
			name = Release;
		};
/* End XCBuildConfiguration section */

/* Begin XCConfigurationList section */
		53B0DC18236F5A9800A4A58F /* Build configuration list for PBXProject "financial-control" */ = {
			isa = XCConfigurationList;
			buildConfigurations = (
				53B0DC45236F5A9A00A4A58F /* Debug */,
				53B0DC46236F5A9A00A4A58F /* Release */,
			);
			defaultConfigurationIsVisible = 0;
			defaultConfigurationName = Release;
		};
		53B0DC47236F5A9A00A4A58F /* Build configuration list for PBXNativeTarget "financial-control" */ = {
			isa = XCConfigurationList;
			buildConfigurations = (
				53B0DC48236F5A9A00A4A58F /* Debug */,
				53B0DC49236F5A9A00A4A58F /* Release */,
			);
			defaultConfigurationIsVisible = 0;
			defaultConfigurationName = Release;
		};
		53B0DC4A236F5A9A00A4A58F /* Build configuration list for PBXNativeTarget "financial-controlTests" */ = {
			isa = XCConfigurationList;
			buildConfigurations = (
				53B0DC4B236F5A9A00A4A58F /* Debug */,
				53B0DC4C236F5A9A00A4A58F /* Release */,
			);
			defaultConfigurationIsVisible = 0;
			defaultConfigurationName = Release;
		};
/* End XCConfigurationList section */
	};
	rootObject = 53B0DC15236F5A9800A4A58F /* Project object */;
}
